{
  "name": "web-backend-project",
  "version": "1.0.0",
  "lockfileVersion": 2,
  "requires": true,
  "packages": {
    "": {
      "name": "web-backend-project",
      "version": "1.0.0",
      "license": "MIT",
      "dependencies": {
        "ajv": "^6.12.6",
        "aria2": "^4.1.2",
        "axios": "^0.21.0",
        "node-static": "^0.7.11",
        "semicolon-datapreparator": "^1.0.0",
        "semicolon-datavalidator": "^1.0.0",
        "semicolon-requestlogger": "^1.0.1",
        "semicolon-router": "^4.1.1",
        "semicolon-server": "^4.0.1",
        "serve-handler": "^6.1.3"
      }
    },
    "node_modules/ajv": {
      "version": "6.12.6",
      "resolved": "https://npm.partdp.ir:443/ajv/-/ajv-6.12.6.tgz",
      "integrity": "sha512-j3fVLgvTo527anyYyJOGTYJbG+vnnQYvE0m5mmkc1TK+nxAppkCLMIL0aZ4dblVCNoGShhm+kzE4ZUykBoMg4g==",
      "dependencies": {
        "fast-deep-equal": "^3.1.1",
        "fast-json-stable-stringify": "^2.0.0",
        "json-schema-traverse": "^0.4.1",
        "uri-js": "^4.2.2"
      }
    },
    "node_modules/aria2": {
      "version": "4.1.2",
      "resolved": "https://npm.partdp.ir:443/aria2/-/aria2-4.1.2.tgz",
      "integrity": "sha512-qTBr2RY8RZQmiUmbj2KXFvkErNxU4aTHZszszzwhE8svy2PEVX+IYR/c4Rp9Tuw4QkeU8cylGy6McV6Yl8i7Qw==",
      "license": "ISC",
      "dependencies": {
        "node-fetch": "^2.6.1",
        "ws": "^7.4.0"
      },
      "engines": {
        "node": ">= 10"
      }
    },
    "node_modules/axios": {
      "version": "0.21.0",
      "resolved": "http://npm.partdp.ir/axios/-/axios-0.21.0.tgz",
      "integrity": "sha512-fmkJBknJKoZwem3/IKSSLpkdNXZeBu5Q7GA/aRsr2btgrptmSCxi2oFjZHqGdK9DoTil9PIHlPIZw2EcRJXRvw==",
      "dependencies": {
        "follow-redirects": "^1.10.0"
      }
    },
    "node_modules/balanced-match": {
      "version": "1.0.0",
      "resolved": "https://npm.partdp.ir:443/balanced-match/-/balanced-match-1.0.0.tgz",
      "integrity": "sha1-ibTRmasr7kneFk6gK4nORi1xt2c="
    },
    "node_modules/brace-expansion": {
      "version": "1.1.11",
      "resolved": "https://npm.partdp.ir:443/brace-expansion/-/brace-expansion-1.1.11.tgz",
      "integrity": "sha512-iCuPHDFgrHX7H2vEI/5xpz07zSHB00TpugqhmYtVmMO6518mCuRMoOYFldEBl0g187ufozdaHgWKcYFb61qGiA==",
      "dependencies": {
        "balanced-match": "^1.0.0",
        "concat-map": "0.0.1"
      }
    },
    "node_modules/bytes": {
      "version": "3.0.0",
      "resolved": "https://npm.partdp.ir:443/bytes/-/bytes-3.0.0.tgz",
      "integrity": "sha1-0ygVQE1olpn4Wk6k+odV3ROpYEg=",
      "engines": {
        "node": ">= 0.8"
      }
    },
    "node_modules/colors": {
      "version": "1.4.0",
      "resolved": "https://npm.partdp.ir:443/colors/-/colors-1.4.0.tgz",
      "integrity": "sha512-a+UqTh4kgZg/SlGvfbzDHpgRu7AAQOmmqRHJnxhRZICKFUT91brVhNNt58CMWU9PsBbv3PDCZUHbVxuDiH2mtA==",
      "engines": {
        "node": ">=0.1.90"
      }
    },
    "node_modules/concat-map": {
      "version": "0.0.1",
      "resolved": "https://npm.partdp.ir:443/concat-map/-/concat-map-0.0.1.tgz",
      "integrity": "sha1-2Klr13/Wjfd5OnMDajug1UBdR3s="
    },
    "node_modules/content-disposition": {
      "version": "0.5.2",
      "resolved": "https://npm.partdp.ir:443/content-disposition/-/content-disposition-0.5.2.tgz",
      "integrity": "sha1-DPaLud318r55YcOoUXjLhdunjLQ=",
      "engines": {
        "node": ">= 0.6"
      }
    },
    "node_modules/fast-deep-equal": {
      "version": "3.1.3",
      "resolved": "https://npm.partdp.ir:443/fast-deep-equal/-/fast-deep-equal-3.1.3.tgz",
      "integrity": "sha512-f3qQ9oQy9j2AhBe/H9VC91wLmKBCCU/gDOnKNAYG5hswO7BLKj09Hc5HYNz9cGI++xlpDCIgDaitVs03ATR84Q=="
    },
    "node_modules/fast-json-stable-stringify": {
      "version": "2.1.0",
      "resolved": "https://npm.partdp.ir:443/fast-json-stable-stringify/-/fast-json-stable-stringify-2.1.0.tgz",
      "integrity": "sha512-lhd/wF+Lk98HZoTCtlVraHtfh5XYijIjalXck7saUtuanSDyLMxnHhSXEDJqHxD7msR8D0uCmqlkwjCV8xvwHw=="
    },
    "node_modules/fast-url-parser": {
      "version": "1.1.3",
      "resolved": "https://npm.partdp.ir:443/fast-url-parser/-/fast-url-parser-1.1.3.tgz",
      "integrity": "sha1-9K8+qfNNiicc9YrSs3WfQx8LMY0=",
      "dependencies": {
        "punycode": "^1.3.2"
      }
    },
    "node_modules/fast-url-parser/node_modules/punycode": {
      "version": "1.4.1",
      "resolved": "https://npm.partdp.ir:443/punycode/-/punycode-1.4.1.tgz",
      "integrity": "sha1-wNWmOycYgArY4esPpSachN1BhF4="
    },
    "node_modules/follow-redirects": {
      "version": "1.13.1",
      "resolved": "https://npm.partdp.ir:443/follow-redirects/-/follow-redirects-1.13.1.tgz",
      "integrity": "sha512-SSG5xmZh1mkPGyKzjZP8zLjltIfpW32Y5QpdNJyjcfGxK3qo3NDDkZOZSFiGn1A6SclQxY9GzEwAHQ3dmYRWpg==",
      "engines": {
        "node": ">=4.0"
      }
    },
    "node_modules/json-schema-traverse": {
      "version": "0.4.1",
      "resolved": "https://npm.partdp.ir:443/json-schema-traverse/-/json-schema-traverse-0.4.1.tgz",
      "integrity": "sha512-xbbCH5dCYU5T8LcEhhuh7HJ88HXuW3qsI3Y0zOZFKfZEHcpWiHU/Jxzk629Brsab/mMiHQti9wMP+845RPe3Vg=="
    },
    "node_modules/mime": {
      "version": "1.6.0",
      "resolved": "https://npm.partdp.ir:443/mime/-/mime-1.6.0.tgz",
      "integrity": "sha512-x0Vn8spI+wuJ1O6S7gnbaQg8Pxh4NNHb7KSINmEWKiPE4RKOplvijn+NkmYmmRgP68mc70j2EbeTFRsrswaQeg==",
      "bin": {
        "mime": "cli.js"
      },
      "engines": {
        "node": ">=4"
      }
    },
    "node_modules/mime-db": {
      "version": "1.33.0",
      "resolved": "https://npm.partdp.ir:443/mime-db/-/mime-db-1.33.0.tgz",
      "integrity": "sha512-BHJ/EKruNIqJf/QahvxwQZXKygOQ256myeN/Ew+THcAa5q+PjyTTMMeNQC4DZw5AwfvelsUrA6B67NKMqXDbzQ==",
      "engines": {
        "node": ">= 0.6"
      }
    },
    "node_modules/mime-types": {
      "version": "2.1.18",
      "resolved": "https://npm.partdp.ir:443/mime-types/-/mime-types-2.1.18.tgz",
      "integrity": "sha512-lc/aahn+t4/SWV/qcmumYjymLsWfN3ELhpmVuUFjgsORruuZPVSwAQryq+HHGvO/SI2KVX26bx+En+zhM8g8hQ==",
      "dependencies": {
        "mime-db": "~1.33.0"
      },
      "engines": {
        "node": ">= 0.6"
      }
    },
    "node_modules/minimatch": {
      "version": "3.0.4",
      "resolved": "https://npm.partdp.ir:443/minimatch/-/minimatch-3.0.4.tgz",
      "integrity": "sha512-yJHVQEhyqPLUTgt9B83PXu6W3rx4MvvHvSUvToogpwoGDOUQ+yDrR0HRot+yOCdCO7u4hX3pWft6kWBBcqh0UA==",
      "dependencies": {
        "brace-expansion": "^1.1.7"
      },
      "engines": {
        "node": "*"
      }
    },
    "node_modules/minimist": {
      "version": "0.0.10",
      "resolved": "https://npm.partdp.ir:443/minimist/-/minimist-0.0.10.tgz",
      "integrity": "sha1-3j+YVD2/lggr5IrRoMfNqDYwHc8="
    },
    "node_modules/node-fetch": {
      "version": "2.6.1",
      "resolved": "https://npm.partdp.ir:443/node-fetch/-/node-fetch-2.6.1.tgz",
      "integrity": "sha512-V4aYg89jEoVRxRb2fJdAg8FHvI7cEyYdVAh94HH0UIK8oJxUfkjlDQN9RbMx+bEjP7+ggMiFRprSti032Oipxw==",
      "license": "MIT",
      "engines": {
        "node": "4.x || >=6.0.0"
      }
    },
    "node_modules/node-static": {
      "version": "0.7.11",
      "resolved": "https://npm.partdp.ir:443/node-static/-/node-static-0.7.11.tgz",
      "integrity": "sha512-zfWC/gICcqb74D9ndyvxZWaI1jzcoHmf4UTHWQchBNuNMxdBLJMDiUgZ1tjGLEIe/BMhj2DxKD8HOuc2062pDQ==",
      "dependencies": {
        "colors": ">=0.6.0",
        "mime": "^1.2.9",
        "optimist": ">=0.3.4"
      },
      "bin": {
        "static": "bin/cli.js"
      },
      "engines": {
        "node": ">= 0.4.1"
      }
    },
    "node_modules/optimist": {
      "version": "0.6.1",
      "resolved": "https://npm.partdp.ir:443/optimist/-/optimist-0.6.1.tgz",
      "integrity": "sha1-2j6nRob6IaGaERwybpDrFaAZZoY=",
      "dependencies": {
        "minimist": "~0.0.1",
        "wordwrap": "~0.0.2"
      }
    },
    "node_modules/path-is-inside": {
      "version": "1.0.2",
      "resolved": "https://npm.partdp.ir:443/path-is-inside/-/path-is-inside-1.0.2.tgz",
      "integrity": "sha1-NlQX3t5EQw0cEa9hAn+s8HS9/FM="
    },
    "node_modules/path-to-regexp": {
      "version": "2.2.1",
      "resolved": "https://npm.partdp.ir:443/path-to-regexp/-/path-to-regexp-2.2.1.tgz",
      "integrity": "sha512-gu9bD6Ta5bwGrrU8muHzVOBFFREpp2iRkVfhBJahwJ6p6Xw20SjT0MxLnwkjOibQmGSYhiUnf2FLe7k+jcFmGQ=="
    },
    "node_modules/punycode": {
      "version": "2.1.1",
      "resolved": "https://npm.partdp.ir:443/punycode/-/punycode-2.1.1.tgz",
      "integrity": "sha512-XRsRjdf+j5ml+y/6GKHPZbrF/8p2Yga0JPtdqTIY2Xe5ohJPD9saDJJLPvp9+NSBprVvevdXZybnj2cv8OEd0A==",
      "engines": {
        "node": ">=6"
      }
    },
    "node_modules/range-parser": {
      "version": "1.2.0",
      "resolved": "https://npm.partdp.ir:443/range-parser/-/range-parser-1.2.0.tgz",
      "integrity": "sha1-9JvmtIeJTdxA3MlKMi9hEJLgDV4=",
      "engines": {
        "node": ">= 0.6"
      }
    },
    "node_modules/semicolon-datapreparator": {
      "version": "1.0.0",
      "resolved": "https://npm.partdp.ir:443/semicolon-datapreparator/-/semicolon-datapreparator-1.0.0.tgz",
      "integrity": "sha512-LyHukUBzHWTtntlV0PjuAPLpZpAVg6NKHpmjYa9hbEUCRD9XgJBx42GB/gRqcffmP6xPeUNYy8sjj9mdaljULQ=="
    },
    "node_modules/semicolon-datavalidator": {
      "version": "1.0.0",
      "resolved": "https://npm.partdp.ir:443/semicolon-datavalidator/-/semicolon-datavalidator-1.0.0.tgz",
      "integrity": "sha512-wEDkZm/i0JXawcYvt8J7HPuwPStGQgonPsO7NcDmWCjnkFQA5k7Oyt7y8H5cRqcD2MF6y2Cj5sCUPAjWRnSn7Q=="
    },
    "node_modules/semicolon-requestlogger": {
      "version": "1.0.1",
      "resolved": "https://npm.partdp.ir:443/semicolon-requestlogger/-/semicolon-requestlogger-1.0.1.tgz",
      "integrity": "sha512-eNtTEU0/jLQ8je2qrWMFa+2/9+fpj/6qucXyAKdh0QEPFNe1X0R13gO1fCsGkYHuVzG4vWVF2yOJGs5xAAGN5Q=="
    },
    "node_modules/semicolon-router": {
      "version": "4.1.1",
      "resolved": "https://registry.npmjs.org/semicolon-router/-/semicolon-router-4.1.1.tgz",
      "integrity": "sha512-IIxGoJFwoXPliPdUi8j7MRrZ9qEsPTxHmo5UjxEAm+BWEsm3FbPXGPQL7svaZDq52TBHKG9GmI8pJt1cs37dNA=="
    },
    "node_modules/semicolon-server": {
      "version": "4.0.1",
      "resolved": "https://npm.partdp.ir:443/semicolon-server/-/semicolon-server-4.0.1.tgz",
      "integrity": "sha512-kPwPJ1w91QOtzxOndNPUF96dwpLTGFzB6eLjXHljlWclXwiRtopcD38ae2z7qByp6LCcbeTNhNdEqlTY15vINg=="
    },
    "node_modules/serve-handler": {
      "version": "6.1.3",
      "resolved": "https://npm.partdp.ir:443/serve-handler/-/serve-handler-6.1.3.tgz",
      "integrity": "sha512-FosMqFBNrLyeiIDvP1zgO6YoTzFYHxLDEIavhlmQ+knB2Z7l1t+kGLHkZIDN7UVWqQAmKI3D20A6F6jo3nDd4w==",
      "dependencies": {
        "bytes": "3.0.0",
        "content-disposition": "0.5.2",
        "fast-url-parser": "1.1.3",
        "mime-types": "2.1.18",
        "minimatch": "3.0.4",
        "path-is-inside": "1.0.2",
        "path-to-regexp": "2.2.1",
        "range-parser": "1.2.0"
      }
    },
    "node_modules/uri-js": {
      "version": "4.4.0",
      "resolved": "https://npm.partdp.ir:443/uri-js/-/uri-js-4.4.0.tgz",
      "integrity": "sha512-B0yRTzYdUCCn9n+F4+Gh4yIDtMQcaJsmYBDsTSG8g/OejKBodLQ2IHfN3bM7jUsRXndopT7OIXWdYqc1fjmV6g==",
      "dependencies": {
        "punycode": "^2.1.0"
      }
    },
    "node_modules/wordwrap": {
      "version": "0.0.3",
      "resolved": "https://npm.partdp.ir:443/wordwrap/-/wordwrap-0.0.3.tgz",
      "integrity": "sha1-o9XabNXAvAAI03I0u68b7WMFkQc=",
      "engines": {
        "node": ">=0.4.0"
      }
    },
    "node_modules/ws": {
      "version": "7.4.3",
      "resolved": "https://npm.partdp.ir:443/ws/-/ws-7.4.3.tgz",
      "integrity": "sha512-hr6vCR76GsossIRsr8OLR9acVVm1jyfEWvhbNjtgPOrfvAlKzvyeg/P6r8RuDjRyrcQoPQT7K0DGEPc7Ae6jzA==",
      "license": "MIT",
      "engines": {
        "node": ">=8.3.0"
      },
      "peerDependencies": {
        "bufferutil": "^4.0.1",
        "utf-8-validate": "^5.0.2"
      },
      "peerDependenciesMeta": {
        "bufferutil": {
          "optional": true
        },
        "utf-8-validate": {
          "optional": true
        }
      }
    }
  },
  "dependencies": {
    "ajv": {
      "version": "6.12.6",
      "resolved": "https://npm.partdp.ir:443/ajv/-/ajv-6.12.6.tgz",
      "integrity": "sha512-j3fVLgvTo527anyYyJOGTYJbG+vnnQYvE0m5mmkc1TK+nxAppkCLMIL0aZ4dblVCNoGShhm+kzE4ZUykBoMg4g==",
      "requires": {
        "fast-deep-equal": "^3.1.1",
        "fast-json-stable-stringify": "^2.0.0",
        "json-schema-traverse": "^0.4.1",
        "uri-js": "^4.2.2"
      }
    },
    "aria2": {
      "version": "4.1.2",
      "resolved": "https://npm.partdp.ir:443/aria2/-/aria2-4.1.2.tgz",
      "integrity": "sha512-qTBr2RY8RZQmiUmbj2KXFvkErNxU4aTHZszszzwhE8svy2PEVX+IYR/c4Rp9Tuw4QkeU8cylGy6McV6Yl8i7Qw==",
      "requires": {
        "node-fetch": "^2.6.1",
        "ws": "^7.4.0"
      }
    },
    "axios": {
      "version": "0.21.0",
      "resolved": "http://npm.partdp.ir/axios/-/axios-0.21.0.tgz",
      "integrity": "sha512-fmkJBknJKoZwem3/IKSSLpkdNXZeBu5Q7GA/aRsr2btgrptmSCxi2oFjZHqGdK9DoTil9PIHlPIZw2EcRJXRvw==",
      "requires": {
        "follow-redirects": "^1.10.0"
      }
    },
    "balanced-match": {
      "version": "1.0.0",
      "resolved": "https://npm.partdp.ir:443/balanced-match/-/balanced-match-1.0.0.tgz",
      "integrity": "sha1-ibTRmasr7kneFk6gK4nORi1xt2c="
    },
    "brace-expansion": {
      "version": "1.1.11",
      "resolved": "https://npm.partdp.ir:443/brace-expansion/-/brace-expansion-1.1.11.tgz",
      "integrity": "sha512-iCuPHDFgrHX7H2vEI/5xpz07zSHB00TpugqhmYtVmMO6518mCuRMoOYFldEBl0g187ufozdaHgWKcYFb61qGiA==",
      "requires": {
        "balanced-match": "^1.0.0",
        "concat-map": "0.0.1"
      }
    },
    "bytes": {
      "version": "3.0.0",
      "resolved": "https://npm.partdp.ir:443/bytes/-/bytes-3.0.0.tgz",
      "integrity": "sha1-0ygVQE1olpn4Wk6k+odV3ROpYEg="
    },
    "colors": {
      "version": "1.4.0",
      "resolved": "https://npm.partdp.ir:443/colors/-/colors-1.4.0.tgz",
      "integrity": "sha512-a+UqTh4kgZg/SlGvfbzDHpgRu7AAQOmmqRHJnxhRZICKFUT91brVhNNt58CMWU9PsBbv3PDCZUHbVxuDiH2mtA=="
    },
    "concat-map": {
      "version": "0.0.1",
      "resolved": "https://npm.partdp.ir:443/concat-map/-/concat-map-0.0.1.tgz",
      "integrity": "sha1-2Klr13/Wjfd5OnMDajug1UBdR3s="
    },
    "content-disposition": {
      "version": "0.5.2",
      "resolved": "https://npm.partdp.ir:443/content-disposition/-/content-disposition-0.5.2.tgz",
      "integrity": "sha1-DPaLud318r55YcOoUXjLhdunjLQ="
    },
    "fast-deep-equal": {
      "version": "3.1.3",
      "resolved": "https://npm.partdp.ir:443/fast-deep-equal/-/fast-deep-equal-3.1.3.tgz",
      "integrity": "sha512-f3qQ9oQy9j2AhBe/H9VC91wLmKBCCU/gDOnKNAYG5hswO7BLKj09Hc5HYNz9cGI++xlpDCIgDaitVs03ATR84Q=="
    },
    "fast-json-stable-stringify": {
      "version": "2.1.0",
      "resolved": "https://npm.partdp.ir:443/fast-json-stable-stringify/-/fast-json-stable-stringify-2.1.0.tgz",
      "integrity": "sha512-lhd/wF+Lk98HZoTCtlVraHtfh5XYijIjalXck7saUtuanSDyLMxnHhSXEDJqHxD7msR8D0uCmqlkwjCV8xvwHw=="
    },
    "fast-url-parser": {
      "version": "1.1.3",
      "resolved": "https://npm.partdp.ir:443/fast-url-parser/-/fast-url-parser-1.1.3.tgz",
      "integrity": "sha1-9K8+qfNNiicc9YrSs3WfQx8LMY0=",
      "requires": {
        "punycode": "^1.3.2"
      },
      "dependencies": {
        "punycode": {
          "version": "1.4.1",
          "resolved": "https://npm.partdp.ir:443/punycode/-/punycode-1.4.1.tgz",
          "integrity": "sha1-wNWmOycYgArY4esPpSachN1BhF4="
        }
      }
    },
    "follow-redirects": {
      "version": "1.13.1",
      "resolved": "https://npm.partdp.ir:443/follow-redirects/-/follow-redirects-1.13.1.tgz",
      "integrity": "sha512-SSG5xmZh1mkPGyKzjZP8zLjltIfpW32Y5QpdNJyjcfGxK3qo3NDDkZOZSFiGn1A6SclQxY9GzEwAHQ3dmYRWpg=="
    },
    "json-schema-traverse": {
      "version": "0.4.1",
      "resolved": "https://npm.partdp.ir:443/json-schema-traverse/-/json-schema-traverse-0.4.1.tgz",
      "integrity": "sha512-xbbCH5dCYU5T8LcEhhuh7HJ88HXuW3qsI3Y0zOZFKfZEHcpWiHU/Jxzk629Brsab/mMiHQti9wMP+845RPe3Vg=="
    },
    "mime": {
      "version": "1.6.0",
      "resolved": "https://npm.partdp.ir:443/mime/-/mime-1.6.0.tgz",
      "integrity": "sha512-x0Vn8spI+wuJ1O6S7gnbaQg8Pxh4NNHb7KSINmEWKiPE4RKOplvijn+NkmYmmRgP68mc70j2EbeTFRsrswaQeg=="
    },
    "mime-db": {
      "version": "1.33.0",
      "resolved": "https://npm.partdp.ir:443/mime-db/-/mime-db-1.33.0.tgz",
      "integrity": "sha512-BHJ/EKruNIqJf/QahvxwQZXKygOQ256myeN/Ew+THcAa5q+PjyTTMMeNQC4DZw5AwfvelsUrA6B67NKMqXDbzQ=="
    },
    "mime-types": {
      "version": "2.1.18",
      "resolved": "https://npm.partdp.ir:443/mime-types/-/mime-types-2.1.18.tgz",
      "integrity": "sha512-lc/aahn+t4/SWV/qcmumYjymLsWfN3ELhpmVuUFjgsORruuZPVSwAQryq+HHGvO/SI2KVX26bx+En+zhM8g8hQ==",
      "requires": {
        "mime-db": "~1.33.0"
      }
    },
    "minimatch": {
      "version": "3.0.4",
      "resolved": "https://npm.partdp.ir:443/minimatch/-/minimatch-3.0.4.tgz",
      "integrity": "sha512-yJHVQEhyqPLUTgt9B83PXu6W3rx4MvvHvSUvToogpwoGDOUQ+yDrR0HRot+yOCdCO7u4hX3pWft6kWBBcqh0UA==",
      "requires": {
        "brace-expansion": "^1.1.7"
      }
    },
    "minimist": {
      "version": "0.0.10",
      "resolved": "https://npm.partdp.ir:443/minimist/-/minimist-0.0.10.tgz",
      "integrity": "sha1-3j+YVD2/lggr5IrRoMfNqDYwHc8="
    },
    "node-fetch": {
      "version": "2.6.1",
      "resolved": "https://npm.partdp.ir:443/node-fetch/-/node-fetch-2.6.1.tgz",
      "integrity": "sha512-V4aYg89jEoVRxRb2fJdAg8FHvI7cEyYdVAh94HH0UIK8oJxUfkjlDQN9RbMx+bEjP7+ggMiFRprSti032Oipxw=="
    },
    "node-static": {
      "version": "0.7.11",
      "resolved": "https://npm.partdp.ir:443/node-static/-/node-static-0.7.11.tgz",
      "integrity": "sha512-zfWC/gICcqb74D9ndyvxZWaI1jzcoHmf4UTHWQchBNuNMxdBLJMDiUgZ1tjGLEIe/BMhj2DxKD8HOuc2062pDQ==",
      "requires": {
        "colors": ">=0.6.0",
        "mime": "^1.2.9",
        "optimist": ">=0.3.4"
      }
    },
    "optimist": {
      "version": "0.6.1",
      "resolved": "https://npm.partdp.ir:443/optimist/-/optimist-0.6.1.tgz",
      "integrity": "sha1-2j6nRob6IaGaERwybpDrFaAZZoY=",
      "requires": {
        "minimist": "~0.0.1",
        "wordwrap": "~0.0.2"
      }
    },
    "path-is-inside": {
      "version": "1.0.2",
      "resolved": "https://npm.partdp.ir:443/path-is-inside/-/path-is-inside-1.0.2.tgz",
      "integrity": "sha1-NlQX3t5EQw0cEa9hAn+s8HS9/FM="
    },
    "path-to-regexp": {
      "version": "2.2.1",
      "resolved": "https://npm.partdp.ir:443/path-to-regexp/-/path-to-regexp-2.2.1.tgz",
      "integrity": "sha512-gu9bD6Ta5bwGrrU8muHzVOBFFREpp2iRkVfhBJahwJ6p6Xw20SjT0MxLnwkjOibQmGSYhiUnf2FLe7k+jcFmGQ=="
    },
    "punycode": {
      "version": "2.1.1",
      "resolved": "https://npm.partdp.ir:443/punycode/-/punycode-2.1.1.tgz",
      "integrity": "sha512-XRsRjdf+j5ml+y/6GKHPZbrF/8p2Yga0JPtdqTIY2Xe5ohJPD9saDJJLPvp9+NSBprVvevdXZybnj2cv8OEd0A=="
    },
    "range-parser": {
      "version": "1.2.0",
      "resolved": "https://npm.partdp.ir:443/range-parser/-/range-parser-1.2.0.tgz",
      "integrity": "sha1-9JvmtIeJTdxA3MlKMi9hEJLgDV4="
    },
    "semicolon-datapreparator": {
      "version": "1.0.0",
      "resolved": "https://npm.partdp.ir:443/semicolon-datapreparator/-/semicolon-datapreparator-1.0.0.tgz",
      "integrity": "sha512-LyHukUBzHWTtntlV0PjuAPLpZpAVg6NKHpmjYa9hbEUCRD9XgJBx42GB/gRqcffmP6xPeUNYy8sjj9mdaljULQ=="
    },
    "semicolon-datavalidator": {
      "version": "1.0.0",
      "resolved": "https://npm.partdp.ir:443/semicolon-datavalidator/-/semicolon-datavalidator-1.0.0.tgz",
      "integrity": "sha512-wEDkZm/i0JXawcYvt8J7HPuwPStGQgonPsO7NcDmWCjnkFQA5k7Oyt7y8H5cRqcD2MF6y2Cj5sCUPAjWRnSn7Q=="
    },
    "semicolon-requestlogger": {
      "version": "1.0.1",
      "resolved": "https://npm.partdp.ir:443/semicolon-requestlogger/-/semicolon-requestlogger-1.0.1.tgz",
      "integrity": "sha512-eNtTEU0/jLQ8je2qrWMFa+2/9+fpj/6qucXyAKdh0QEPFNe1X0R13gO1fCsGkYHuVzG4vWVF2yOJGs5xAAGN5Q=="
    },
    "semicolon-router": {
      "version": "4.1.1",
      "resolved": "https://registry.npmjs.org/semicolon-router/-/semicolon-router-4.1.1.tgz",
      "integrity": "sha512-IIxGoJFwoXPliPdUi8j7MRrZ9qEsPTxHmo5UjxEAm+BWEsm3FbPXGPQL7svaZDq52TBHKG9GmI8pJt1cs37dNA=="
    },
    "semicolon-server": {
      "version": "4.0.1",
      "resolved": "https://npm.partdp.ir:443/semicolon-server/-/semicolon-server-4.0.1.tgz",
      "integrity": "sha512-kPwPJ1w91QOtzxOndNPUF96dwpLTGFzB6eLjXHljlWclXwiRtopcD38ae2z7qByp6LCcbeTNhNdEqlTY15vINg=="
    },
    "serve-handler": {
      "version": "6.1.3",
      "resolved": "https://npm.partdp.ir:443/serve-handler/-/serve-handler-6.1.3.tgz",
      "integrity": "sha512-FosMqFBNrLyeiIDvP1zgO6YoTzFYHxLDEIavhlmQ+knB2Z7l1t+kGLHkZIDN7UVWqQAmKI3D20A6F6jo3nDd4w==",
      "requires": {
        "bytes": "3.0.0",
        "content-disposition": "0.5.2",
        "fast-url-parser": "1.1.3",
        "mime-types": "2.1.18",
        "minimatch": "3.0.4",
        "path-is-inside": "1.0.2",
        "path-to-regexp": "2.2.1",
        "range-parser": "1.2.0"
      }
    },
    "uri-js": {
      "version": "4.4.0",
      "resolved": "https://npm.partdp.ir:443/uri-js/-/uri-js-4.4.0.tgz",
      "integrity": "sha512-B0yRTzYdUCCn9n+F4+Gh4yIDtMQcaJsmYBDsTSG8g/OejKBodLQ2IHfN3bM7jUsRXndopT7OIXWdYqc1fjmV6g==",
      "requires": {
        "punycode": "^2.1.0"
      }
    },
    "wordwrap": {
      "version": "0.0.3",
      "resolved": "https://npm.partdp.ir:443/wordwrap/-/wordwrap-0.0.3.tgz",
      "integrity": "sha1-o9XabNXAvAAI03I0u68b7WMFkQc="
    },
    "ws": {
      "version": "7.4.3",
      "resolved": "https://npm.partdp.ir:443/ws/-/ws-7.4.3.tgz",
      "integrity": "sha512-hr6vCR76GsossIRsr8OLR9acVVm1jyfEWvhbNjtgPOrfvAlKzvyeg/P6r8RuDjRyrcQoPQT7K0DGEPc7Ae6jzA==",
      "requires": {}
    }
  }
}
